# THIS IS AN AUTOGENERATED FILE. DO NOT EDIT THIS FILE DIRECTLY.
# yarn lockfile v1


"@types/node@*":
  version "16.9.1"
  resolved "https://registry.yarnpkg.com/@types/node/-/node-16.9.1.tgz#0611b37db4246c937feef529ddcc018cf8e35708"
  integrity sha512-QpLcX9ZSsq3YYUUnD3nFDY8H7wctAhQj/TFKL8Ya8v5fMm3CFXxo8zStsLAl780ltoYoo1WvKUVGBQK+1ifr7g==

"@types/papaparse@^5.2.4":
  version "5.2.6"
  resolved "https://registry.yarnpkg.com/@types/papaparse/-/papaparse-5.2.6.tgz#0bba18de4d15eff65883bc7c0794e0134de9e7c7"
  integrity sha512-xGKSd0UTn58N1h0+zf8mW863Rv8BvXcGibEgKFtBIXZlcDXAmX/T4RdDO2mwmrmOypUDt5vRgo2v32a78JdqUA==
  dependencies:
    "@types/node" "*"

papaparse@^5.3.0:
  version "5.3.1"
  resolved "https://registry.yarnpkg.com/papaparse/-/papaparse-5.3.1.tgz#770b7a9124d821d4b2132132b7bd7dce7194b5b1"
  integrity sha512-Dbt2yjLJrCwH2sRqKFFJaN5XgIASO9YOFeFP8rIBRG2Ain8mqk5r1M6DkfvqEVozVcz3r3HaUGw253hA1nLIcA==

skyfiles@^0.0.2:
  version "0.0.2"
  resolved "https://registry.yarnpkg.com/skyfiles/-/skyfiles-0.0.2.tgz#69755b525f97de672ebb2c658726252370565af6"
  integrity sha512-zEJifgDXJtiT6yGdZ0o2w3pNwSuJ1mo8hEgdw0lcfFM5BJo8N39TnIRfTeusH5uUGkgmf7JCsNf6x52wBhlhew==
